
Microsoft Visual Studio Solution File, Format Version 12.00
# Visual Studio Version 17
VisualStudioVersion = 17.4.33213.308
MinimumVisualStudioVersion = 10.0.40219.1
Project("{FAE04EC0-301F-11D3-BF4B-00C04F79EFBC}") = "WpfApp1", "WpfApp1\WpfApp1.csproj", "{88503F3C-6323-40EE-9AD6-D64CCE3C0907}"
EndProject
Global
	GlobalSection(SolutionConfigurationPlatforms) = preSolution
		Debug|Any CPU = Debug|Any CPU
		Release|Any CPU = Release|Any CPU
	EndGlobalSection
	GlobalSection(ProjectConfigurationPlatforms) = postSolution
		{88503F3C-6323-40EE-9AD6-D64CCE3C0907}.Debug|Any CPU.ActiveCfg = Debug|Any CPU
		{88503F3C-6323-40EE-9AD6-D64CCE3C0907}.Debug|Any CPU.Build.0 = Debug|Any CPU
		{88503F3C-6323-40EE-9AD6-D64CCE3C0907}.Release|Any CPU.ActiveCfg = Release|Any CPU
		{88503F3C-6323-40EE-9AD6-D64CCE3C0907}.Release|Any CPU.Build.0 = Release|Any CPU
	EndGlobalSection
	GlobalSection(SolutionProperties) = preSolution
		HideSolutionNode = FALSE
	EndGlobalSection
	GlobalSection(ExtensibilityGlobals) = postSolution
		SolutionGuid = {87FA560C-929A-440E-93CE-D2CDC95D8FF9}
	EndGlobalSection
EndGlobal
